
Microsoft Visual Studio Solution File, Format Version 12.00
# Visual Studio Version 16
VisualStudioVersion = 16.0.31702.278
MinimumVisualStudioVersion = 10.0.40219.1
Project("{FAE04EC0-301F-11D3-BF4B-00C04F79EFBC}") = "Bot", "Bot.csproj", "{49580B74-E0A8-415C-8FB1-8E26A7439C29}"
EndProject
Global
	GlobalSection(SolutionConfigurationPlatforms) = preSolution
		Debug|Any CPU = Debug|Any CPU
		Release|Any CPU = Release|Any CPU
	EndGlobalSection
	GlobalSection(ProjectConfigurationPlatforms) = postSolution
		{49580B74-E0A8-415C-8FB1-8E26A7439C29}.Debug|Any CPU.ActiveCfg = Debug|Any CPU
		{49580B74-E0A8-415C-8FB1-8E26A7439C29}.Debug|Any CPU.Build.0 = Debug|Any CPU
		{49580B74-E0A8-415C-8FB1-8E26A7439C29}.Release|Any CPU.ActiveCfg = Release|Any CPU
		{49580B74-E0A8-415C-8FB1-8E26A7439C29}.Release|Any CPU.Build.0 = Release|Any CPU
	EndGlobalSection
	GlobalSection(SolutionProperties) = preSolution
		HideSolutionNode = FALSE
	EndGlobalSection
	GlobalSection(ExtensibilityGlobals) = postSolution
		SolutionGuid = {E68E5859-68EF-4CAC-B29A-CDE3E97F3CB0}
	EndGlobalSection
EndGlobal
